
Microsoft Visual Studio Solution File, Format Version 12.00
# Visual Studio 15
VisualStudioVersion = 15.0.28307.106
MinimumVisualStudioVersion = 10.0.40219.1
Project("{FAE04EC0-301F-11D3-BF4B-00C04F79EFBC}") = "RPC Server", "RPC Server\RPC Server.csproj", "{DEABD038-DEFE-417B-9E39-4AB115F3D055}"
EndProject
Project("{FAE04EC0-301F-11D3-BF4B-00C04F79EFBC}") = "RPC Client", "RPC Client\RPC Client.csproj", "{6D6A30EA-C8E3-416F-BE05-56B3E6F3EFFA}"
EndProject
Global
	GlobalSection(SolutionConfigurationPlatforms) = preSolution
		Debug|Any CPU = Debug|Any CPU
		Release|Any CPU = Release|Any CPU
	EndGlobalSection
	GlobalSection(ProjectConfigurationPlatforms) = postSolution
		{DEABD038-DEFE-417B-9E39-4AB115F3D055}.Debug|Any CPU.ActiveCfg = Debug|Any CPU
		{DEABD038-DEFE-417B-9E39-4AB115F3D055}.Debug|Any CPU.Build.0 = Debug|Any CPU
		{DEABD038-DEFE-417B-9E39-4AB115F3D055}.Release|Any CPU.ActiveCfg = Release|Any CPU
		{DEABD038-DEFE-417B-9E39-4AB115F3D055}.Release|Any CPU.Build.0 = Release|Any CPU
		{6D6A30EA-C8E3-416F-BE05-56B3E6F3EFFA}.Debug|Any CPU.ActiveCfg = Debug|Any CPU
		{6D6A30EA-C8E3-416F-BE05-56B3E6F3EFFA}.Debug|Any CPU.Build.0 = Debug|Any CPU
		{6D6A30EA-C8E3-416F-BE05-56B3E6F3EFFA}.Release|Any CPU.ActiveCfg = Release|Any CPU
		{6D6A30EA-C8E3-416F-BE05-56B3E6F3EFFA}.Release|Any CPU.Build.0 = Release|Any CPU
	EndGlobalSection
	GlobalSection(SolutionProperties) = preSolution
		HideSolutionNode = FALSE
	EndGlobalSection
	GlobalSection(ExtensibilityGlobals) = postSolution
		SolutionGuid = {F035B199-3960-4E12-B249-3FEEE604B6C4}
	EndGlobalSection
EndGlobal
