
Microsoft Visual Studio Solution File, Format Version 12.00
# Visual Studio 15
VisualStudioVersion = 15.0.28307.106
MinimumVisualStudioVersion = 10.0.40219.1
Project("{8BC9CEB8-8B4A-11D0-8D11-00A0C91BC942}") = "Day 01 - Variables", "Day 01 - Variables\Day 01 - Variables.vcxproj", "{1E9A9466-D12D-43D6-A1A4-32DEE647AEE8}"
EndProject
Project("{8BC9CEB8-8B4A-11D0-8D11-00A0C91BC942}") = "Day 01 - Conditionals", "Day 01 - Conditionals\Day 01 - Conditionals.vcxproj", "{786AD846-C318-4A89-B34A-F0DA96EA7915}"
EndProject
Project("{8BC9CEB8-8B4A-11D0-8D11-00A0C91BC942}") = "Day 02 - Arrays", "Day 02 - Arrays\Day 02 - Arrays.vcxproj", "{01C8954C-3BD6-4518-B56F-A0B0012AD01D}"
EndProject
Project("{8BC9CEB8-8B4A-11D0-8D11-00A0C91BC942}") = "Day 03 - Functions", "Day 03 - Functions\Day 03 - Functions.vcxproj", "{0A822952-E9FF-4CEB-B1C6-858C1E4361EA}"
EndProject
Project("{8BC9CEB8-8B4A-11D0-8D11-00A0C91BC942}") = "Day 03 - Character Arrays", "Day 03 - Character Arrays\Day 03 - Character Arrays.vcxproj", "{4D6FF490-C258-4477-8364-AF73302B7381}"
EndProject
Project("{8BC9CEB8-8B4A-11D0-8D11-00A0C91BC942}") = "Day 04 - Structures", "Day 04 - Structures\Day 04 - Structures.vcxproj", "{D4AC0A5F-3A0F-4AD9-A061-F0E4F3BE7EF1}"
EndProject
Project("{8BC9CEB8-8B4A-11D0-8D11-00A0C91BC942}") = "Day 04 - Bubble sort", "Day 04 - Bubble sort\Day 04 - Bubble sort.vcxproj", "{58F6F62D-4F7A-47E0-8D35-F43725D8EF17}"
EndProject
Project("{8BC9CEB8-8B4A-11D0-8D11-00A0C91BC942}") = "Day 06 - Class Review", "Day 06 - Class Review\Day 06 - Class Review.vcxproj", "{DA498EA2-B34D-4E6B-9753-0D9FFFEE37EC}"
EndProject
Project("{8BC9CEB8-8B4A-11D0-8D11-00A0C91BC942}") = "Test", "Test\Test.vcxproj", "{C86B1B4E-DCD8-4447-8B92-50A0A2F12D3D}"
EndProject
Project("{8BC9CEB8-8B4A-11D0-8D11-00A0C91BC942}") = "Day 09 - Structs to Inheritence", "Day 09 - Structs to Inheritence\Day 09 - Structs to Inheritence.vcxproj", "{30E2AFBE-DC25-4299-832B-5F50FB0CC41A}"
EndProject
Project("{8BC9CEB8-8B4A-11D0-8D11-00A0C91BC942}") = "Day 09 - Structs for real", "Day 09 - Structs for real\Day 09 - Structs for real.vcxproj", "{89475E13-5841-4A1B-B651-C5B9CC67CD04}"
EndProject
Project("{8BC9CEB8-8B4A-11D0-8D11-00A0C91BC942}") = "Day 10 - Inheritence", "Day 10 - Inheritence\Day 10 - Inheritence.vcxproj", "{BF809357-1AB9-4138-9D50-9FE077E18F74}"
EndProject
Project("{8BC9CEB8-8B4A-11D0-8D11-00A0C91BC942}") = "Day 11 - Enums", "Day 11 - Enums\Day 11 - Enums.vcxproj", "{6EB2780E-1732-4B85-90F9-4EE12C9C5D99}"
EndProject
Project("{8BC9CEB8-8B4A-11D0-8D11-00A0C91BC942}") = "Day 12 - ReadWrite", "Day 12 - ReadWrite\Day 12 - ReadWrite.vcxproj", "{1EE4A784-9FFB-416A-9494-97ED19F7D180}"
EndProject
Project("{8BC9CEB8-8B4A-11D0-8D11-00A0C91BC942}") = "Day 13 - Templates", "Day 13 - Templates\Day 13 - Templates.vcxproj", "{F80B5BBC-3DEC-4C6F-A697-D2DD91884D38}"
EndProject
Project("{8BC9CEB8-8B4A-11D0-8D11-00A0C91BC942}") = "Day 19 - Review", "Day 19 - Review\Day 19 - Review.vcxproj", "{D29A058D-2B30-4BFB-A8A4-9D1C5D0B5475}"
EndProject
Project("{8BC9CEB8-8B4A-11D0-8D11-00A0C91BC942}") = "Day 19 - Dynamic Array", "Day 19 - Dynamic Array\Day 19 - Dynamic Array.vcxproj", "{646E9D0B-7419-4BCB-9B61-2FB2109372F3}"
EndProject
Project("{8BC9CEB8-8B4A-11D0-8D11-00A0C91BC942}") = "Day 22 - Stacks", "Day 22 - Stacks\Day 22 - Stacks.vcxproj", "{2E71BBA5-530C-4BA0-A918-C6C41E072A3C}"
EndProject
Project("{8BC9CEB8-8B4A-11D0-8D11-00A0C91BC942}") = "Day 23 - Graphs", "Day 23 - Graphs\Day 23 - Graphs.vcxproj", "{48716489-017D-4A8E-8F72-6FFFCA36E91F}"
EndProject
Project("{8BC9CEB8-8B4A-11D0-8D11-00A0C91BC942}") = "Day 24 - Binary Tree", "Day 24 - Binary Tree\Day 24 - Binary Tree.vcxproj", "{C0DFD188-571A-469C-B797-EB6C85F8DB19}"
EndProject
Project("{8BC9CEB8-8B4A-11D0-8D11-00A0C91BC942}") = "Day 26 - Bitswise and Hasing", "Day 26 - Bitswise and Hasing\Day 26 - Bitswise and Hasing.vcxproj", "{B635504C-697D-4E90-97E4-A9DE8A6711D1}"
EndProject
Project("{8BC9CEB8-8B4A-11D0-8D11-00A0C91BC942}") = "Day 28 - Random Number Generators", "Day 27 - Random Number Generators\Day 27 - Random Number Generators.vcxproj", "{B9760048-F8B6-4355-95FA-BDAC0F42481E}"
EndProject
Project("{8BC9CEB8-8B4A-11D0-8D11-00A0C91BC942}") = "Day 28 - Random cpp", "Day 28 - Random cpp\Day 28 - Random cpp.vcxproj", "{DFFF8CBA-39C5-414A-A523-A6666D8FD7BC}"
EndProject
Project("{8BC9CEB8-8B4A-11D0-8D11-00A0C91BC942}") = "Day 04 - Printf", "Day 04 - Printf\Day - 04 Printf.vcxproj", "{C79474D9-0C4E-4FAB-B6F7-77FA60791CFE}"
EndProject
Project("{8BC9CEB8-8B4A-11D0-8D11-00A0C91BC942}") = "Day 06 - Review", "Day 06 - Review\Day 06 - Review.vcxproj", "{36AAC817-681A-4EFF-AF99-E95791A8FE6C}"
EndProject
Project("{8BC9CEB8-8B4A-11D0-8D11-00A0C91BC942}") = "Day 07 - Pointers", "Day 07 - Pointers\Day 07 - Pointers.vcxproj", "{10D454CF-986E-4139-990E-A0B950475C9E}"
EndProject
Project("{8BC9CEB8-8B4A-11D0-8D11-00A0C91BC942}") = "Day 14 - Constructors", "Day 14 - Constructors\Day 14 - Constructors.vcxproj", "{DCE88962-DA66-4B90-A04B-B3ABCE596406}"
EndProject
Project("{8BC9CEB8-8B4A-11D0-8D11-00A0C91BC942}") = "Day 20 - Dynamic Arrays and Linked List", "Day 20 - Dynamic Array and Linked List\Day 20 - Dynamic Array and Linked List.vcxproj", "{FA2C4720-E768-43F9-BBEB-574B1276E23C}"
EndProject
Project("{8BC9CEB8-8B4A-11D0-8D11-00A0C91BC942}") = "Day 05 - Classes", "Day 05 - Classes\Day 05 - Classes.vcxproj", "{6EC58FB1-2454-4F56-8CA4-37AD60857F4D}"
EndProject
Project("{8BC9CEB8-8B4A-11D0-8D11-00A0C91BC942}") = "Day 08 - Structures and Misc", "Day 08 - Structures and Misc\Day 08 - Structures and Misc.vcxproj", "{E6ACE1AC-B6DC-4830-8977-5F5A7A6DBD16}"
EndProject
Project("{8BC9CEB8-8B4A-11D0-8D11-00A0C91BC942}") = "Day 29 - State machines", "Day 29 - State machines\Day 29 - State machines.vcxproj", "{F0C3FFB2-59D4-46CE-A5F2-5DC1BDBD4BE6}"
EndProject
Project("{8BC9CEB8-8B4A-11D0-8D11-00A0C91BC942}") = "Day 30 - Vector3", "Day 30 - Vector3\Day 30 - Vector3.vcxproj", "{91974C16-49D6-4710-BAEC-65356495B818}"
EndProject
Project("{8BC9CEB8-8B4A-11D0-8D11-00A0C91BC942}") = "Day 31 - Vector4", "Day 31 - Vector4\Day 31 - Vector4.vcxproj", "{0B72083B-835B-4D45-B2E1-29CDC304BC9C}"
EndProject
Project("{8BC9CEB8-8B4A-11D0-8D11-00A0C91BC942}") = "Day 31 - Maxtrix 3x3", "Day 31 - Maxtrix 3x3\Day 31 - Maxtrix 3x3.vcxproj", "{4FC333B4-E667-42FD-9F1A-50FBF4C0E118}"
EndProject
Project("{8BC9CEB8-8B4A-11D0-8D11-00A0C91BC942}") = "Day 32 - Libraries", "Day 32 - Libraries\Day 32 - Libraries.vcxproj", "{1CA7B07F-C0C0-4647-82C1-89DB03F17A2C}"
EndProject
Project("{8BC9CEB8-8B4A-11D0-8D11-00A0C91BC942}") = "Day 30 - Vector2", "Day 30 - Vector2\Day 30 - Vector2.vcxproj", "{98FA72D6-1BBD-4C20-9B9E-20F5312F4958}"
EndProject
Global
	GlobalSection(SolutionConfigurationPlatforms) = preSolution
		Debug|x64 = Debug|x64
		Debug|x86 = Debug|x86
		Release|x64 = Release|x64
		Release|x86 = Release|x86
	EndGlobalSection
	GlobalSection(ProjectConfigurationPlatforms) = postSolution
		{1E9A9466-D12D-43D6-A1A4-32DEE647AEE8}.Debug|x64.ActiveCfg = Debug|x64
		{1E9A9466-D12D-43D6-A1A4-32DEE647AEE8}.Debug|x64.Build.0 = Debug|x64
		{1E9A9466-D12D-43D6-A1A4-32DEE647AEE8}.Debug|x86.ActiveCfg = Debug|Win32
		{1E9A9466-D12D-43D6-A1A4-32DEE647AEE8}.Debug|x86.Build.0 = Debug|Win32
		{1E9A9466-D12D-43D6-A1A4-32DEE647AEE8}.Release|x64.ActiveCfg = Release|x64
		{1E9A9466-D12D-43D6-A1A4-32DEE647AEE8}.Release|x64.Build.0 = Release|x64
		{1E9A9466-D12D-43D6-A1A4-32DEE647AEE8}.Release|x86.ActiveCfg = Release|Win32
		{1E9A9466-D12D-43D6-A1A4-32DEE647AEE8}.Release|x86.Build.0 = Release|Win32
		{786AD846-C318-4A89-B34A-F0DA96EA7915}.Debug|x64.ActiveCfg = Debug|x64
		{786AD846-C318-4A89-B34A-F0DA96EA7915}.Debug|x64.Build.0 = Debug|x64
		{786AD846-C318-4A89-B34A-F0DA96EA7915}.Debug|x86.ActiveCfg = Debug|Win32
		{786AD846-C318-4A89-B34A-F0DA96EA7915}.Debug|x86.Build.0 = Debug|Win32
		{786AD846-C318-4A89-B34A-F0DA96EA7915}.Release|x64.ActiveCfg = Release|x64
		{786AD846-C318-4A89-B34A-F0DA96EA7915}.Release|x64.Build.0 = Release|x64
		{786AD846-C318-4A89-B34A-F0DA96EA7915}.Release|x86.ActiveCfg = Release|Win32
		{786AD846-C318-4A89-B34A-F0DA96EA7915}.Release|x86.Build.0 = Release|Win32
		{01C8954C-3BD6-4518-B56F-A0B0012AD01D}.Debug|x64.ActiveCfg = Debug|x64
		{01C8954C-3BD6-4518-B56F-A0B0012AD01D}.Debug|x64.Build.0 = Debug|x64
		{01C8954C-3BD6-4518-B56F-A0B0012AD01D}.Debug|x86.ActiveCfg = Debug|Win32
		{01C8954C-3BD6-4518-B56F-A0B0012AD01D}.Debug|x86.Build.0 = Debug|Win32
		{01C8954C-3BD6-4518-B56F-A0B0012AD01D}.Release|x64.ActiveCfg = Release|x64
		{01C8954C-3BD6-4518-B56F-A0B0012AD01D}.Release|x64.Build.0 = Release|x64
		{01C8954C-3BD6-4518-B56F-A0B0012AD01D}.Release|x86.ActiveCfg = Release|Win32
		{01C8954C-3BD6-4518-B56F-A0B0012AD01D}.Release|x86.Build.0 = Release|Win32
		{0A822952-E9FF-4CEB-B1C6-858C1E4361EA}.Debug|x64.ActiveCfg = Debug|x64
		{0A822952-E9FF-4CEB-B1C6-858C1E4361EA}.Debug|x64.Build.0 = Debug|x64
		{0A822952-E9FF-4CEB-B1C6-858C1E4361EA}.Debug|x86.ActiveCfg = Debug|Win32
		{0A822952-E9FF-4CEB-B1C6-858C1E4361EA}.Debug|x86.Build.0 = Debug|Win32
		{0A822952-E9FF-4CEB-B1C6-858C1E4361EA}.Release|x64.ActiveCfg = Release|x64
		{0A822952-E9FF-4CEB-B1C6-858C1E4361EA}.Release|x64.Build.0 = Release|x64
		{0A822952-E9FF-4CEB-B1C6-858C1E4361EA}.Release|x86.ActiveCfg = Release|Win32
		{0A822952-E9FF-4CEB-B1C6-858C1E4361EA}.Release|x86.Build.0 = Release|Win32
		{4D6FF490-C258-4477-8364-AF73302B7381}.Debug|x64.ActiveCfg = Debug|x64
		{4D6FF490-C258-4477-8364-AF73302B7381}.Debug|x64.Build.0 = Debug|x64
		{4D6FF490-C258-4477-8364-AF73302B7381}.Debug|x86.ActiveCfg = Debug|Win32
		{4D6FF490-C258-4477-8364-AF73302B7381}.Debug|x86.Build.0 = Debug|Win32
		{4D6FF490-C258-4477-8364-AF73302B7381}.Release|x64.ActiveCfg = Release|x64
		{4D6FF490-C258-4477-8364-AF73302B7381}.Release|x64.Build.0 = Release|x64
		{4D6FF490-C258-4477-8364-AF73302B7381}.Release|x86.ActiveCfg = Release|Win32
		{4D6FF490-C258-4477-8364-AF73302B7381}.Release|x86.Build.0 = Release|Win32
		{D4AC0A5F-3A0F-4AD9-A061-F0E4F3BE7EF1}.Debug|x64.ActiveCfg = Debug|x64
		{D4AC0A5F-3A0F-4AD9-A061-F0E4F3BE7EF1}.Debug|x64.Build.0 = Debug|x64
		{D4AC0A5F-3A0F-4AD9-A061-F0E4F3BE7EF1}.Debug|x86.ActiveCfg = Debug|Win32
		{D4AC0A5F-3A0F-4AD9-A061-F0E4F3BE7EF1}.Debug|x86.Build.0 = Debug|Win32
		{D4AC0A5F-3A0F-4AD9-A061-F0E4F3BE7EF1}.Release|x64.ActiveCfg = Release|x64
		{D4AC0A5F-3A0F-4AD9-A061-F0E4F3BE7EF1}.Release|x64.Build.0 = Release|x64
		{D4AC0A5F-3A0F-4AD9-A061-F0E4F3BE7EF1}.Release|x86.ActiveCfg = Release|Win32
		{D4AC0A5F-3A0F-4AD9-A061-F0E4F3BE7EF1}.Release|x86.Build.0 = Release|Win32
		{58F6F62D-4F7A-47E0-8D35-F43725D8EF17}.Debug|x64.ActiveCfg = Debug|x64
		{58F6F62D-4F7A-47E0-8D35-F43725D8EF17}.Debug|x64.Build.0 = Debug|x64
		{58F6F62D-4F7A-47E0-8D35-F43725D8EF17}.Debug|x86.ActiveCfg = Debug|Win32
		{58F6F62D-4F7A-47E0-8D35-F43725D8EF17}.Debug|x86.Build.0 = Debug|Win32
		{58F6F62D-4F7A-47E0-8D35-F43725D8EF17}.Release|x64.ActiveCfg = Release|x64
		{58F6F62D-4F7A-47E0-8D35-F43725D8EF17}.Release|x64.Build.0 = Release|x64
		{58F6F62D-4F7A-47E0-8D35-F43725D8EF17}.Release|x86.ActiveCfg = Release|Win32
		{58F6F62D-4F7A-47E0-8D35-F43725D8EF17}.Release|x86.Build.0 = Release|Win32
		{DA498EA2-B34D-4E6B-9753-0D9FFFEE37EC}.Debug|x64.ActiveCfg = Debug|x64
		{DA498EA2-B34D-4E6B-9753-0D9FFFEE37EC}.Debug|x64.Build.0 = Debug|x64
		{DA498EA2-B34D-4E6B-9753-0D9FFFEE37EC}.Debug|x86.ActiveCfg = Debug|Win32
		{DA498EA2-B34D-4E6B-9753-0D9FFFEE37EC}.Debug|x86.Build.0 = Debug|Win32
		{DA498EA2-B34D-4E6B-9753-0D9FFFEE37EC}.Release|x64.ActiveCfg = Release|x64
		{DA498EA2-B34D-4E6B-9753-0D9FFFEE37EC}.Release|x64.Build.0 = Release|x64
		{DA498EA2-B34D-4E6B-9753-0D9FFFEE37EC}.Release|x86.ActiveCfg = Release|Win32
		{DA498EA2-B34D-4E6B-9753-0D9FFFEE37EC}.Release|x86.Build.0 = Release|Win32
		{C86B1B4E-DCD8-4447-8B92-50A0A2F12D3D}.Debug|x64.ActiveCfg = Debug|x64
		{C86B1B4E-DCD8-4447-8B92-50A0A2F12D3D}.Debug|x64.Build.0 = Debug|x64
		{C86B1B4E-DCD8-4447-8B92-50A0A2F12D3D}.Debug|x86.ActiveCfg = Debug|Win32
		{C86B1B4E-DCD8-4447-8B92-50A0A2F12D3D}.Debug|x86.Build.0 = Debug|Win32
		{C86B1B4E-DCD8-4447-8B92-50A0A2F12D3D}.Release|x64.ActiveCfg = Release|x64
		{C86B1B4E-DCD8-4447-8B92-50A0A2F12D3D}.Release|x64.Build.0 = Release|x64
		{C86B1B4E-DCD8-4447-8B92-50A0A2F12D3D}.Release|x86.ActiveCfg = Release|Win32
		{C86B1B4E-DCD8-4447-8B92-50A0A2F12D3D}.Release|x86.Build.0 = Release|Win32
		{30E2AFBE-DC25-4299-832B-5F50FB0CC41A}.Debug|x64.ActiveCfg = Debug|x64
		{30E2AFBE-DC25-4299-832B-5F50FB0CC41A}.Debug|x64.Build.0 = Debug|x64
		{30E2AFBE-DC25-4299-832B-5F50FB0CC41A}.Debug|x86.ActiveCfg = Debug|Win32
		{30E2AFBE-DC25-4299-832B-5F50FB0CC41A}.Debug|x86.Build.0 = Debug|Win32
		{30E2AFBE-DC25-4299-832B-5F50FB0CC41A}.Release|x64.ActiveCfg = Release|x64
		{30E2AFBE-DC25-4299-832B-5F50FB0CC41A}.Release|x64.Build.0 = Release|x64
		{30E2AFBE-DC25-4299-832B-5F50FB0CC41A}.Release|x86.ActiveCfg = Release|Win32
		{30E2AFBE-DC25-4299-832B-5F50FB0CC41A}.Release|x86.Build.0 = Release|Win32
		{89475E13-5841-4A1B-B651-C5B9CC67CD04}.Debug|x64.ActiveCfg = Debug|x64
		{89475E13-5841-4A1B-B651-C5B9CC67CD04}.Debug|x64.Build.0 = Debug|x64
		{89475E13-5841-4A1B-B651-C5B9CC67CD04}.Debug|x86.ActiveCfg = Debug|Win32
		{89475E13-5841-4A1B-B651-C5B9CC67CD04}.Debug|x86.Build.0 = Debug|Win32
		{89475E13-5841-4A1B-B651-C5B9CC67CD04}.Release|x64.ActiveCfg = Release|x64
		{89475E13-5841-4A1B-B651-C5B9CC67CD04}.Release|x64.Build.0 = Release|x64
		{89475E13-5841-4A1B-B651-C5B9CC67CD04}.Release|x86.ActiveCfg = Release|Win32
		{89475E13-5841-4A1B-B651-C5B9CC67CD04}.Release|x86.Build.0 = Release|Win32
		{BF809357-1AB9-4138-9D50-9FE077E18F74}.Debug|x64.ActiveCfg = Debug|x64
		{BF809357-1AB9-4138-9D50-9FE077E18F74}.Debug|x64.Build.0 = Debug|x64
		{BF809357-1AB9-4138-9D50-9FE077E18F74}.Debug|x86.ActiveCfg = Debug|Win32
		{BF809357-1AB9-4138-9D50-9FE077E18F74}.Debug|x86.Build.0 = Debug|Win32
		{BF809357-1AB9-4138-9D50-9FE077E18F74}.Release|x64.ActiveCfg = Release|x64
		{BF809357-1AB9-4138-9D50-9FE077E18F74}.Release|x64.Build.0 = Release|x64
		{BF809357-1AB9-4138-9D50-9FE077E18F74}.Release|x86.ActiveCfg = Release|Win32
		{BF809357-1AB9-4138-9D50-9FE077E18F74}.Release|x86.Build.0 = Release|Win32
		{6EB2780E-1732-4B85-90F9-4EE12C9C5D99}.Debug|x64.ActiveCfg = Debug|x64
		{6EB2780E-1732-4B85-90F9-4EE12C9C5D99}.Debug|x64.Build.0 = Debug|x64
		{6EB2780E-1732-4B85-90F9-4EE12C9C5D99}.Debug|x86.ActiveCfg = Debug|Win32
		{6EB2780E-1732-4B85-90F9-4EE12C9C5D99}.Debug|x86.Build.0 = Debug|Win32
		{6EB2780E-1732-4B85-90F9-4EE12C9C5D99}.Release|x64.ActiveCfg = Release|x64
		{6EB2780E-1732-4B85-90F9-4EE12C9C5D99}.Release|x64.Build.0 = Release|x64
		{6EB2780E-1732-4B85-90F9-4EE12C9C5D99}.Release|x86.ActiveCfg = Release|Win32
		{6EB2780E-1732-4B85-90F9-4EE12C9C5D99}.Release|x86.Build.0 = Release|Win32
		{1EE4A784-9FFB-416A-9494-97ED19F7D180}.Debug|x64.ActiveCfg = Debug|x64
		{1EE4A784-9FFB-416A-9494-97ED19F7D180}.Debug|x64.Build.0 = Debug|x64
		{1EE4A784-9FFB-416A-9494-97ED19F7D180}.Debug|x86.ActiveCfg = Debug|Win32
		{1EE4A784-9FFB-416A-9494-97ED19F7D180}.Debug|x86.Build.0 = Debug|Win32
		{1EE4A784-9FFB-416A-9494-97ED19F7D180}.Release|x64.ActiveCfg = Release|x64
		{1EE4A784-9FFB-416A-9494-97ED19F7D180}.Release|x64.Build.0 = Release|x64
		{1EE4A784-9FFB-416A-9494-97ED19F7D180}.Release|x86.ActiveCfg = Release|Win32
		{1EE4A784-9FFB-416A-9494-97ED19F7D180}.Release|x86.Build.0 = Release|Win32
		{F80B5BBC-3DEC-4C6F-A697-D2DD91884D38}.Debug|x64.ActiveCfg = Debug|x64
		{F80B5BBC-3DEC-4C6F-A697-D2DD91884D38}.Debug|x64.Build.0 = Debug|x64
		{F80B5BBC-3DEC-4C6F-A697-D2DD91884D38}.Debug|x86.ActiveCfg = Debug|Win32
		{F80B5BBC-3DEC-4C6F-A697-D2DD91884D38}.Debug|x86.Build.0 = Debug|Win32
		{F80B5BBC-3DEC-4C6F-A697-D2DD91884D38}.Release|x64.ActiveCfg = Release|x64
		{F80B5BBC-3DEC-4C6F-A697-D2DD91884D38}.Release|x64.Build.0 = Release|x64
		{F80B5BBC-3DEC-4C6F-A697-D2DD91884D38}.Release|x86.ActiveCfg = Release|Win32
		{F80B5BBC-3DEC-4C6F-A697-D2DD91884D38}.Release|x86.Build.0 = Release|Win32
		{D29A058D-2B30-4BFB-A8A4-9D1C5D0B5475}.Debug|x64.ActiveCfg = Debug|x64
		{D29A058D-2B30-4BFB-A8A4-9D1C5D0B5475}.Debug|x64.Build.0 = Debug|x64
		{D29A058D-2B30-4BFB-A8A4-9D1C5D0B5475}.Debug|x86.ActiveCfg = Debug|Win32
		{D29A058D-2B30-4BFB-A8A4-9D1C5D0B5475}.Debug|x86.Build.0 = Debug|Win32
		{D29A058D-2B30-4BFB-A8A4-9D1C5D0B5475}.Release|x64.ActiveCfg = Release|x64
		{D29A058D-2B30-4BFB-A8A4-9D1C5D0B5475}.Release|x64.Build.0 = Release|x64
		{D29A058D-2B30-4BFB-A8A4-9D1C5D0B5475}.Release|x86.ActiveCfg = Release|Win32
		{D29A058D-2B30-4BFB-A8A4-9D1C5D0B5475}.Release|x86.Build.0 = Release|Win32
		{646E9D0B-7419-4BCB-9B61-2FB2109372F3}.Debug|x64.ActiveCfg = Debug|x64
		{646E9D0B-7419-4BCB-9B61-2FB2109372F3}.Debug|x64.Build.0 = Debug|x64
		{646E9D0B-7419-4BCB-9B61-2FB2109372F3}.Debug|x86.ActiveCfg = Debug|Win32
		{646E9D0B-7419-4BCB-9B61-2FB2109372F3}.Debug|x86.Build.0 = Debug|Win32
		{646E9D0B-7419-4BCB-9B61-2FB2109372F3}.Release|x64.ActiveCfg = Release|x64
		{646E9D0B-7419-4BCB-9B61-2FB2109372F3}.Release|x64.Build.0 = Release|x64
		{646E9D0B-7419-4BCB-9B61-2FB2109372F3}.Release|x86.ActiveCfg = Release|Win32
		{646E9D0B-7419-4BCB-9B61-2FB2109372F3}.Release|x86.Build.0 = Release|Win32
		{2E71BBA5-530C-4BA0-A918-C6C41E072A3C}.Debug|x64.ActiveCfg = Debug|x64
		{2E71BBA5-530C-4BA0-A918-C6C41E072A3C}.Debug|x64.Build.0 = Debug|x64
		{2E71BBA5-530C-4BA0-A918-C6C41E072A3C}.Debug|x86.ActiveCfg = Debug|Win32
		{2E71BBA5-530C-4BA0-A918-C6C41E072A3C}.Debug|x86.Build.0 = Debug|Win32
		{2E71BBA5-530C-4BA0-A918-C6C41E072A3C}.Release|x64.ActiveCfg = Release|x64
		{2E71BBA5-530C-4BA0-A918-C6C41E072A3C}.Release|x64.Build.0 = Release|x64
		{2E71BBA5-530C-4BA0-A918-C6C41E072A3C}.Release|x86.ActiveCfg = Release|Win32
		{2E71BBA5-530C-4BA0-A918-C6C41E072A3C}.Release|x86.Build.0 = Release|Win32
		{48716489-017D-4A8E-8F72-6FFFCA36E91F}.Debug|x64.ActiveCfg = Debug|x64
		{48716489-017D-4A8E-8F72-6FFFCA36E91F}.Debug|x64.Build.0 = Debug|x64
		{48716489-017D-4A8E-8F72-6FFFCA36E91F}.Debug|x86.ActiveCfg = Debug|Win32
		{48716489-017D-4A8E-8F72-6FFFCA36E91F}.Debug|x86.Build.0 = Debug|Win32
		{48716489-017D-4A8E-8F72-6FFFCA36E91F}.Release|x64.ActiveCfg = Release|x64
		{48716489-017D-4A8E-8F72-6FFFCA36E91F}.Release|x64.Build.0 = Release|x64
		{48716489-017D-4A8E-8F72-6FFFCA36E91F}.Release|x86.ActiveCfg = Release|Win32
		{48716489-017D-4A8E-8F72-6FFFCA36E91F}.Release|x86.Build.0 = Release|Win32
		{C0DFD188-571A-469C-B797-EB6C85F8DB19}.Debug|x64.ActiveCfg = Debug|x64
		{C0DFD188-571A-469C-B797-EB6C85F8DB19}.Debug|x64.Build.0 = Debug|x64
		{C0DFD188-571A-469C-B797-EB6C85F8DB19}.Debug|x86.ActiveCfg = Debug|Win32
		{C0DFD188-571A-469C-B797-EB6C85F8DB19}.Debug|x86.Build.0 = Debug|Win32
		{C0DFD188-571A-469C-B797-EB6C85F8DB19}.Release|x64.ActiveCfg = Release|x64
		{C0DFD188-571A-469C-B797-EB6C85F8DB19}.Release|x64.Build.0 = Release|x64
		{C0DFD188-571A-469C-B797-EB6C85F8DB19}.Release|x86.ActiveCfg = Release|Win32
		{C0DFD188-571A-469C-B797-EB6C85F8DB19}.Release|x86.Build.0 = Release|Win32
		{B635504C-697D-4E90-97E4-A9DE8A6711D1}.Debug|x64.ActiveCfg = Debug|x64
		{B635504C-697D-4E90-97E4-A9DE8A6711D1}.Debug|x64.Build.0 = Debug|x64
		{B635504C-697D-4E90-97E4-A9DE8A6711D1}.Debug|x86.ActiveCfg = Debug|Win32
		{B635504C-697D-4E90-97E4-A9DE8A6711D1}.Debug|x86.Build.0 = Debug|Win32
		{B635504C-697D-4E90-97E4-A9DE8A6711D1}.Release|x64.ActiveCfg = Release|x64
		{B635504C-697D-4E90-97E4-A9DE8A6711D1}.Release|x64.Build.0 = Release|x64
		{B635504C-697D-4E90-97E4-A9DE8A6711D1}.Release|x86.ActiveCfg = Release|Win32
		{B635504C-697D-4E90-97E4-A9DE8A6711D1}.Release|x86.Build.0 = Release|Win32
		{B9760048-F8B6-4355-95FA-BDAC0F42481E}.Debug|x64.ActiveCfg = Debug|x64
		{B9760048-F8B6-4355-95FA-BDAC0F42481E}.Debug|x64.Build.0 = Debug|x64
		{B9760048-F8B6-4355-95FA-BDAC0F42481E}.Debug|x86.ActiveCfg = Debug|Win32
		{B9760048-F8B6-4355-95FA-BDAC0F42481E}.Debug|x86.Build.0 = Debug|Win32
		{B9760048-F8B6-4355-95FA-BDAC0F42481E}.Release|x64.ActiveCfg = Release|x64
		{B9760048-F8B6-4355-95FA-BDAC0F42481E}.Release|x64.Build.0 = Release|x64
		{B9760048-F8B6-4355-95FA-BDAC0F42481E}.Release|x86.ActiveCfg = Release|Win32
		{B9760048-F8B6-4355-95FA-BDAC0F42481E}.Release|x86.Build.0 = Release|Win32
		{DFFF8CBA-39C5-414A-A523-A6666D8FD7BC}.Debug|x64.ActiveCfg = Debug|x64
		{DFFF8CBA-39C5-414A-A523-A6666D8FD7BC}.Debug|x64.Build.0 = Debug|x64
		{DFFF8CBA-39C5-414A-A523-A6666D8FD7BC}.Debug|x86.ActiveCfg = Debug|Win32
		{DFFF8CBA-39C5-414A-A523-A6666D8FD7BC}.Debug|x86.Build.0 = Debug|Win32
		{DFFF8CBA-39C5-414A-A523-A6666D8FD7BC}.Release|x64.ActiveCfg = Release|x64
		{DFFF8CBA-39C5-414A-A523-A6666D8FD7BC}.Release|x64.Build.0 = Release|x64
		{DFFF8CBA-39C5-414A-A523-A6666D8FD7BC}.Release|x86.ActiveCfg = Release|Win32
		{DFFF8CBA-39C5-414A-A523-A6666D8FD7BC}.Release|x86.Build.0 = Release|Win32
		{C79474D9-0C4E-4FAB-B6F7-77FA60791CFE}.Debug|x64.ActiveCfg = Debug|x64
		{C79474D9-0C4E-4FAB-B6F7-77FA60791CFE}.Debug|x64.Build.0 = Debug|x64
		{C79474D9-0C4E-4FAB-B6F7-77FA60791CFE}.Debug|x86.ActiveCfg = Debug|Win32
		{C79474D9-0C4E-4FAB-B6F7-77FA60791CFE}.Debug|x86.Build.0 = Debug|Win32
		{C79474D9-0C4E-4FAB-B6F7-77FA60791CFE}.Release|x64.ActiveCfg = Release|x64
		{C79474D9-0C4E-4FAB-B6F7-77FA60791CFE}.Release|x64.Build.0 = Release|x64
		{C79474D9-0C4E-4FAB-B6F7-77FA60791CFE}.Release|x86.ActiveCfg = Release|Win32
		{C79474D9-0C4E-4FAB-B6F7-77FA60791CFE}.Release|x86.Build.0 = Release|Win32
		{36AAC817-681A-4EFF-AF99-E95791A8FE6C}.Debug|x64.ActiveCfg = Debug|x64
		{36AAC817-681A-4EFF-AF99-E95791A8FE6C}.Debug|x64.Build.0 = Debug|x64
		{36AAC817-681A-4EFF-AF99-E95791A8FE6C}.Debug|x86.ActiveCfg = Debug|Win32
		{36AAC817-681A-4EFF-AF99-E95791A8FE6C}.Debug|x86.Build.0 = Debug|Win32
		{36AAC817-681A-4EFF-AF99-E95791A8FE6C}.Release|x64.ActiveCfg = Release|x64
		{36AAC817-681A-4EFF-AF99-E95791A8FE6C}.Release|x64.Build.0 = Release|x64
		{36AAC817-681A-4EFF-AF99-E95791A8FE6C}.Release|x86.ActiveCfg = Release|Win32
		{36AAC817-681A-4EFF-AF99-E95791A8FE6C}.Release|x86.Build.0 = Release|Win32
		{10D454CF-986E-4139-990E-A0B950475C9E}.Debug|x64.ActiveCfg = Debug|x64
		{10D454CF-986E-4139-990E-A0B950475C9E}.Debug|x64.Build.0 = Debug|x64
		{10D454CF-986E-4139-990E-A0B950475C9E}.Debug|x86.ActiveCfg = Debug|Win32
		{10D454CF-986E-4139-990E-A0B950475C9E}.Debug|x86.Build.0 = Debug|Win32
		{10D454CF-986E-4139-990E-A0B950475C9E}.Release|x64.ActiveCfg = Release|x64
		{10D454CF-986E-4139-990E-A0B950475C9E}.Release|x64.Build.0 = Release|x64
		{10D454CF-986E-4139-990E-A0B950475C9E}.Release|x86.ActiveCfg = Release|Win32
		{10D454CF-986E-4139-990E-A0B950475C9E}.Release|x86.Build.0 = Release|Win32
		{DCE88962-DA66-4B90-A04B-B3ABCE596406}.Debug|x64.ActiveCfg = Debug|x64
		{DCE88962-DA66-4B90-A04B-B3ABCE596406}.Debug|x64.Build.0 = Debug|x64
		{DCE88962-DA66-4B90-A04B-B3ABCE596406}.Debug|x86.ActiveCfg = Debug|Win32
		{DCE88962-DA66-4B90-A04B-B3ABCE596406}.Debug|x86.Build.0 = Debug|Win32
		{DCE88962-DA66-4B90-A04B-B3ABCE596406}.Release|x64.ActiveCfg = Release|x64
		{DCE88962-DA66-4B90-A04B-B3ABCE596406}.Release|x64.Build.0 = Release|x64
		{DCE88962-DA66-4B90-A04B-B3ABCE596406}.Release|x86.ActiveCfg = Release|Win32
		{DCE88962-DA66-4B90-A04B-B3ABCE596406}.Release|x86.Build.0 = Release|Win32
		{FA2C4720-E768-43F9-BBEB-574B1276E23C}.Debug|x64.ActiveCfg = Debug|x64
		{FA2C4720-E768-43F9-BBEB-574B1276E23C}.Debug|x64.Build.0 = Debug|x64
		{FA2C4720-E768-43F9-BBEB-574B1276E23C}.Debug|x86.ActiveCfg = Debug|Win32
		{FA2C4720-E768-43F9-BBEB-574B1276E23C}.Debug|x86.Build.0 = Debug|Win32
		{FA2C4720-E768-43F9-BBEB-574B1276E23C}.Release|x64.ActiveCfg = Release|x64
		{FA2C4720-E768-43F9-BBEB-574B1276E23C}.Release|x64.Build.0 = Release|x64
		{FA2C4720-E768-43F9-BBEB-574B1276E23C}.Release|x86.ActiveCfg = Release|Win32
		{FA2C4720-E768-43F9-BBEB-574B1276E23C}.Release|x86.Build.0 = Release|Win32
		{6EC58FB1-2454-4F56-8CA4-37AD60857F4D}.Debug|x64.ActiveCfg = Debug|x64
		{6EC58FB1-2454-4F56-8CA4-37AD60857F4D}.Debug|x64.Build.0 = Debug|x64
		{6EC58FB1-2454-4F56-8CA4-37AD60857F4D}.Debug|x86.ActiveCfg = Debug|Win32
		{6EC58FB1-2454-4F56-8CA4-37AD60857F4D}.Debug|x86.Build.0 = Debug|Win32
		{6EC58FB1-2454-4F56-8CA4-37AD60857F4D}.Release|x64.ActiveCfg = Release|x64
		{6EC58FB1-2454-4F56-8CA4-37AD60857F4D}.Release|x64.Build.0 = Release|x64
		{6EC58FB1-2454-4F56-8CA4-37AD60857F4D}.Release|x86.ActiveCfg = Release|Win32
		{6EC58FB1-2454-4F56-8CA4-37AD60857F4D}.Release|x86.Build.0 = Release|Win32
		{E6ACE1AC-B6DC-4830-8977-5F5A7A6DBD16}.Debug|x64.ActiveCfg = Debug|x64
		{E6ACE1AC-B6DC-4830-8977-5F5A7A6DBD16}.Debug|x64.Build.0 = Debug|x64
		{E6ACE1AC-B6DC-4830-8977-5F5A7A6DBD16}.Debug|x86.ActiveCfg = Debug|Win32
		{E6ACE1AC-B6DC-4830-8977-5F5A7A6DBD16}.Debug|x86.Build.0 = Debug|Win32
		{E6ACE1AC-B6DC-4830-8977-5F5A7A6DBD16}.Release|x64.ActiveCfg = Release|x64
		{E6ACE1AC-B6DC-4830-8977-5F5A7A6DBD16}.Release|x64.Build.0 = Release|x64
		{E6ACE1AC-B6DC-4830-8977-5F5A7A6DBD16}.Release|x86.ActiveCfg = Release|Win32
		{E6ACE1AC-B6DC-4830-8977-5F5A7A6DBD16}.Release|x86.Build.0 = Release|Win32
		{F0C3FFB2-59D4-46CE-A5F2-5DC1BDBD4BE6}.Debug|x64.ActiveCfg = Debug|x64
		{F0C3FFB2-59D4-46CE-A5F2-5DC1BDBD4BE6}.Debug|x64.Build.0 = Debug|x64
		{F0C3FFB2-59D4-46CE-A5F2-5DC1BDBD4BE6}.Debug|x86.ActiveCfg = Debug|Win32
		{F0C3FFB2-59D4-46CE-A5F2-5DC1BDBD4BE6}.Debug|x86.Build.0 = Debug|Win32
		{F0C3FFB2-59D4-46CE-A5F2-5DC1BDBD4BE6}.Release|x64.ActiveCfg = Release|x64
		{F0C3FFB2-59D4-46CE-A5F2-5DC1BDBD4BE6}.Release|x64.Build.0 = Release|x64
		{F0C3FFB2-59D4-46CE-A5F2-5DC1BDBD4BE6}.Release|x86.ActiveCfg = Release|Win32
		{F0C3FFB2-59D4-46CE-A5F2-5DC1BDBD4BE6}.Release|x86.Build.0 = Release|Win32
		{91974C16-49D6-4710-BAEC-65356495B818}.Debug|x64.ActiveCfg = Debug|x64
		{91974C16-49D6-4710-BAEC-65356495B818}.Debug|x64.Build.0 = Debug|x64
		{91974C16-49D6-4710-BAEC-65356495B818}.Debug|x86.ActiveCfg = Debug|Win32
		{91974C16-49D6-4710-BAEC-65356495B818}.Debug|x86.Build.0 = Debug|Win32
		{91974C16-49D6-4710-BAEC-65356495B818}.Release|x64.ActiveCfg = Release|x64
		{91974C16-49D6-4710-BAEC-65356495B818}.Release|x64.Build.0 = Release|x64
		{91974C16-49D6-4710-BAEC-65356495B818}.Release|x86.ActiveCfg = Release|Win32
		{91974C16-49D6-4710-BAEC-65356495B818}.Release|x86.Build.0 = Release|Win32
		{0B72083B-835B-4D45-B2E1-29CDC304BC9C}.Debug|x64.ActiveCfg = Debug|x64
		{0B72083B-835B-4D45-B2E1-29CDC304BC9C}.Debug|x64.Build.0 = Debug|x64
		{0B72083B-835B-4D45-B2E1-29CDC304BC9C}.Debug|x86.ActiveCfg = Debug|Win32
		{0B72083B-835B-4D45-B2E1-29CDC304BC9C}.Debug|x86.Build.0 = Debug|Win32
		{0B72083B-835B-4D45-B2E1-29CDC304BC9C}.Release|x64.ActiveCfg = Release|x64
		{0B72083B-835B-4D45-B2E1-29CDC304BC9C}.Release|x64.Build.0 = Release|x64
		{0B72083B-835B-4D45-B2E1-29CDC304BC9C}.Release|x86.ActiveCfg = Release|Win32
		{0B72083B-835B-4D45-B2E1-29CDC304BC9C}.Release|x86.Build.0 = Release|Win32
		{4FC333B4-E667-42FD-9F1A-50FBF4C0E118}.Debug|x64.ActiveCfg = Debug|x64
		{4FC333B4-E667-42FD-9F1A-50FBF4C0E118}.Debug|x64.Build.0 = Debug|x64
		{4FC333B4-E667-42FD-9F1A-50FBF4C0E118}.Debug|x86.ActiveCfg = Debug|Win32
		{4FC333B4-E667-42FD-9F1A-50FBF4C0E118}.Debug|x86.Build.0 = Debug|Win32
		{4FC333B4-E667-42FD-9F1A-50FBF4C0E118}.Release|x64.ActiveCfg = Release|x64
		{4FC333B4-E667-42FD-9F1A-50FBF4C0E118}.Release|x64.Build.0 = Release|x64
		{4FC333B4-E667-42FD-9F1A-50FBF4C0E118}.Release|x86.ActiveCfg = Release|Win32
		{4FC333B4-E667-42FD-9F1A-50FBF4C0E118}.Release|x86.Build.0 = Release|Win32
		{1CA7B07F-C0C0-4647-82C1-89DB03F17A2C}.Debug|x64.ActiveCfg = Debug|x64
		{1CA7B07F-C0C0-4647-82C1-89DB03F17A2C}.Debug|x64.Build.0 = Debug|x64
		{1CA7B07F-C0C0-4647-82C1-89DB03F17A2C}.Debug|x86.ActiveCfg = Debug|Win32
		{1CA7B07F-C0C0-4647-82C1-89DB03F17A2C}.Debug|x86.Build.0 = Debug|Win32
		{1CA7B07F-C0C0-4647-82C1-89DB03F17A2C}.Release|x64.ActiveCfg = Release|x64
		{1CA7B07F-C0C0-4647-82C1-89DB03F17A2C}.Release|x64.Build.0 = Release|x64
		{1CA7B07F-C0C0-4647-82C1-89DB03F17A2C}.Release|x86.ActiveCfg = Release|Win32
		{1CA7B07F-C0C0-4647-82C1-89DB03F17A2C}.Release|x86.Build.0 = Release|Win32
		{98FA72D6-1BBD-4C20-9B9E-20F5312F4958}.Debug|x64.ActiveCfg = Debug|x64
		{98FA72D6-1BBD-4C20-9B9E-20F5312F4958}.Debug|x64.Build.0 = Debug|x64
		{98FA72D6-1BBD-4C20-9B9E-20F5312F4958}.Debug|x86.ActiveCfg = Debug|Win32
		{98FA72D6-1BBD-4C20-9B9E-20F5312F4958}.Debug|x86.Build.0 = Debug|Win32
		{98FA72D6-1BBD-4C20-9B9E-20F5312F4958}.Release|x64.ActiveCfg = Release|x64
		{98FA72D6-1BBD-4C20-9B9E-20F5312F4958}.Release|x64.Build.0 = Release|x64
		{98FA72D6-1BBD-4C20-9B9E-20F5312F4958}.Release|x86.ActiveCfg = Release|Win32
		{98FA72D6-1BBD-4C20-9B9E-20F5312F4958}.Release|x86.Build.0 = Release|Win32
	EndGlobalSection
	GlobalSection(SolutionProperties) = preSolution
		HideSolutionNode = FALSE
	EndGlobalSection
	GlobalSection(ExtensibilityGlobals) = postSolution
		SolutionGuid = {57B4EC84-2C59-4159-837A-F4AEA0F0BB33}
	EndGlobalSection
EndGlobal
