
Microsoft Visual Studio Solution File, Format Version 12.00
# Visual Studio 15
VisualStudioVersion = 15.0.28307.106
MinimumVisualStudioVersion = 10.0.40219.1
Project("{8BC9CEB8-8B4A-11D0-8D11-00A0C91BC942}") = "Bootstrap", "bootstrap\Bootstrap.vcxproj", "{AF59BB0B-E059-4773-83DC-728A949647DA}"
EndProject
Project("{8BC9CEB8-8B4A-11D0-8D11-00A0C91BC942}") = "Project2D", "Project2D\Project2D.vcxproj", "{3F428D0C-1CC8-47C3-818A-A3C2972C74C9}"
	ProjectSection(ProjectDependencies) = postProject
		{AF59BB0B-E059-4773-83DC-728A949647DA} = {AF59BB0B-E059-4773-83DC-728A949647DA}
	EndProjectSection
EndProject
Project("{8BC9CEB8-8B4A-11D0-8D11-00A0C91BC942}") = "AI Tutorials", "AI Tutorials\AI Tutorials.vcxproj", "{F9AB4F64-35C6-46E5-9803-9391A8FA0815}"
	ProjectSection(ProjectDependencies) = postProject
		{AF59BB0B-E059-4773-83DC-728A949647DA} = {AF59BB0B-E059-4773-83DC-728A949647DA}
	EndProjectSection
EndProject
Project("{8BC9CEB8-8B4A-11D0-8D11-00A0C91BC942}") = "FlowFields", "FlowFields\FlowFields.vcxproj", "{9C2063A9-19C6-4034-898D-A315396B3445}"
	ProjectSection(ProjectDependencies) = postProject
		{AF59BB0B-E059-4773-83DC-728A949647DA} = {AF59BB0B-E059-4773-83DC-728A949647DA}
	EndProjectSection
EndProject
Project("{8BC9CEB8-8B4A-11D0-8D11-00A0C91BC942}") = "NavMesh", "NavMesh\NavMesh.vcxproj", "{BDF1C890-7D40-49F6-9EEB-79F12B30DF43}"
	ProjectSection(ProjectDependencies) = postProject
		{AF59BB0B-E059-4773-83DC-728A949647DA} = {AF59BB0B-E059-4773-83DC-728A949647DA}
	EndProjectSection
EndProject
Global
	GlobalSection(SolutionConfigurationPlatforms) = preSolution
		Debug|x64 = Debug|x64
		Debug|x86 = Debug|x86
		Release|x64 = Release|x64
		Release|x86 = Release|x86
	EndGlobalSection
	GlobalSection(ProjectConfigurationPlatforms) = postSolution
		{AF59BB0B-E059-4773-83DC-728A949647DA}.Debug|x64.ActiveCfg = Debug|x64
		{AF59BB0B-E059-4773-83DC-728A949647DA}.Debug|x64.Build.0 = Debug|x64
		{AF59BB0B-E059-4773-83DC-728A949647DA}.Debug|x86.ActiveCfg = Debug|Win32
		{AF59BB0B-E059-4773-83DC-728A949647DA}.Debug|x86.Build.0 = Debug|Win32
		{AF59BB0B-E059-4773-83DC-728A949647DA}.Release|x64.ActiveCfg = Release|x64
		{AF59BB0B-E059-4773-83DC-728A949647DA}.Release|x64.Build.0 = Release|x64
		{AF59BB0B-E059-4773-83DC-728A949647DA}.Release|x86.ActiveCfg = Release|Win32
		{AF59BB0B-E059-4773-83DC-728A949647DA}.Release|x86.Build.0 = Release|Win32
		{3F428D0C-1CC8-47C3-818A-A3C2972C74C9}.Debug|x64.ActiveCfg = Debug|x64
		{3F428D0C-1CC8-47C3-818A-A3C2972C74C9}.Debug|x64.Build.0 = Debug|x64
		{3F428D0C-1CC8-47C3-818A-A3C2972C74C9}.Debug|x86.ActiveCfg = Debug|Win32
		{3F428D0C-1CC8-47C3-818A-A3C2972C74C9}.Debug|x86.Build.0 = Debug|Win32
		{3F428D0C-1CC8-47C3-818A-A3C2972C74C9}.Release|x64.ActiveCfg = Release|x64
		{3F428D0C-1CC8-47C3-818A-A3C2972C74C9}.Release|x64.Build.0 = Release|x64
		{3F428D0C-1CC8-47C3-818A-A3C2972C74C9}.Release|x86.ActiveCfg = Release|Win32
		{3F428D0C-1CC8-47C3-818A-A3C2972C74C9}.Release|x86.Build.0 = Release|Win32
		{F9AB4F64-35C6-46E5-9803-9391A8FA0815}.Debug|x64.ActiveCfg = Debug|x64
		{F9AB4F64-35C6-46E5-9803-9391A8FA0815}.Debug|x64.Build.0 = Debug|x64
		{F9AB4F64-35C6-46E5-9803-9391A8FA0815}.Debug|x86.ActiveCfg = Debug|Win32
		{F9AB4F64-35C6-46E5-9803-9391A8FA0815}.Debug|x86.Build.0 = Debug|Win32
		{F9AB4F64-35C6-46E5-9803-9391A8FA0815}.Release|x64.ActiveCfg = Release|x64
		{F9AB4F64-35C6-46E5-9803-9391A8FA0815}.Release|x64.Build.0 = Release|x64
		{F9AB4F64-35C6-46E5-9803-9391A8FA0815}.Release|x86.ActiveCfg = Release|Win32
		{F9AB4F64-35C6-46E5-9803-9391A8FA0815}.Release|x86.Build.0 = Release|Win32
		{9C2063A9-19C6-4034-898D-A315396B3445}.Debug|x64.ActiveCfg = Debug|x64
		{9C2063A9-19C6-4034-898D-A315396B3445}.Debug|x64.Build.0 = Debug|x64
		{9C2063A9-19C6-4034-898D-A315396B3445}.Debug|x86.ActiveCfg = Debug|Win32
		{9C2063A9-19C6-4034-898D-A315396B3445}.Debug|x86.Build.0 = Debug|Win32
		{9C2063A9-19C6-4034-898D-A315396B3445}.Release|x64.ActiveCfg = Release|Win32
		{9C2063A9-19C6-4034-898D-A315396B3445}.Release|x86.ActiveCfg = Release|Win32
		{9C2063A9-19C6-4034-898D-A315396B3445}.Release|x86.Build.0 = Release|Win32
		{BDF1C890-7D40-49F6-9EEB-79F12B30DF43}.Debug|x64.ActiveCfg = Debug|x64
		{BDF1C890-7D40-49F6-9EEB-79F12B30DF43}.Debug|x64.Build.0 = Debug|x64
		{BDF1C890-7D40-49F6-9EEB-79F12B30DF43}.Debug|x86.ActiveCfg = Debug|Win32
		{BDF1C890-7D40-49F6-9EEB-79F12B30DF43}.Debug|x86.Build.0 = Debug|Win32
		{BDF1C890-7D40-49F6-9EEB-79F12B30DF43}.Release|x64.ActiveCfg = Release|Win32
		{BDF1C890-7D40-49F6-9EEB-79F12B30DF43}.Release|x86.ActiveCfg = Release|Win32
		{BDF1C890-7D40-49F6-9EEB-79F12B30DF43}.Release|x86.Build.0 = Release|Win32
	EndGlobalSection
	GlobalSection(SolutionProperties) = preSolution
		HideSolutionNode = FALSE
	EndGlobalSection
	GlobalSection(ExtensibilityGlobals) = postSolution
		SolutionGuid = {8420E721-7065-4566-ADA0-30A72B2C5E4A}
	EndGlobalSection
EndGlobal
